{
  "version": 4,
  "terraform_version": "1.1.0",
  "serial": 78,
  "lineage": "70448cd0-4923-3525-1bf0-c7f657a20148",
  "outputs": {},
  "resources": [
    {
      "mode": "managed",
      "type": "aws_db_subnet_group",
      "name": "mydbsubgp",
      "provider": "provider[\"registry.terraform.io/hashicorp/aws\"]",
      "instances": [
        {
          "schema_version": 0,
          "attributes": {
            "arn": "arn:aws:rds:us-east-1:637423357808:subgrp:mydbsubsp",
            "description": "Managed by Terraform",
            "id": "mydbsubsp",
            "name": "mydbsubsp",
            "name_prefix": "",
            "subnet_ids": [
              "subnet-04f5fbbd8a2aebb1d",
              "subnet-0523be653416100b5"
            ],
            "supported_network_types": [
              "IPV4"
            ],
            "tags": {
              "Name": "My DB subnet group"
            },
            "tags_all": {
              "Name": "My DB subnet group"
            },
            "vpc_id": "vpc-0a9f8c31f4cf06ce0"
          },
          "sensitive_attributes": [],
          "private": "bnVsbA==",
          "dependencies": [
            "aws_subnet.appsubnet",
            "aws_subnet.dbsubnet",
            "aws_vpc.customevpc"
          ]
        }
      ]
    },
    {
      "mode": "managed",
      "type": "aws_instance",
      "name": "appec2",
      "provider": "provider[\"registry.terraform.io/hashicorp/aws\"]",
      "instances": [
        {
          "schema_version": 1,
          "attributes": {
            "ami": "ami-0440d3b780d96b29d",
            "arn": "arn:aws:ec2:us-east-1:637423357808:instance/i-0f837e60e0ed7e9c0",
            "associate_public_ip_address": false,
            "availability_zone": "us-east-1b",
            "capacity_reservation_specification": [
              {
                "capacity_reservation_preference": "open",
                "capacity_reservation_target": []
              }
            ],
            "cpu_core_count": 1,
            "cpu_options": [
              {
                "amd_sev_snp": "",
                "core_count": 1,
                "threads_per_core": 1
              }
            ],
            "cpu_threads_per_core": 1,
            "credit_specification": [
              {
                "cpu_credits": "standard"
              }
            ],
            "disable_api_stop": false,
            "disable_api_termination": false,
            "ebs_block_device": [],
            "ebs_optimized": false,
            "enclave_options": [
              {
                "enabled": false
              }
            ],
            "ephemeral_block_device": [],
            "get_password_data": false,
            "hibernation": false,
            "host_id": "",
            "host_resource_group_arn": null,
            "iam_instance_profile": "",
            "id": "i-0f837e60e0ed7e9c0",
            "instance_initiated_shutdown_behavior": "stop",
            "instance_lifecycle": "",
            "instance_market_options": [],
            "instance_state": "running",
            "instance_type": "t2.micro",
            "ipv6_address_count": 0,
            "ipv6_addresses": [],
            "key_name": "tf-key-pair",
            "launch_template": [],
            "maintenance_options": [
              {
                "auto_recovery": "default"
              }
            ],
            "metadata_options": [
              {
                "http_endpoint": "enabled",
                "http_protocol_ipv6": "disabled",
                "http_put_response_hop_limit": 2,
                "http_tokens": "required",
                "instance_metadata_tags": "disabled"
              }
            ],
            "monitoring": false,
            "network_interface": [],
            "outpost_arn": "",
            "password_data": "",
            "placement_group": "",
            "placement_partition_number": 0,
            "primary_network_interface_id": "eni-0c7f3f6633a723ed9",
            "private_dns": "ip-10-0-29-64.ec2.internal",
            "private_dns_name_options": [
              {
                "enable_resource_name_dns_a_record": false,
                "enable_resource_name_dns_aaaa_record": false,
                "hostname_type": "ip-name"
              }
            ],
            "private_ip": "10.0.29.64",
            "public_dns": "",
            "public_ip": "",
            "root_block_device": [
              {
                "delete_on_termination": true,
                "device_name": "/dev/xvda",
                "encrypted": false,
                "iops": 3000,
                "kms_key_id": "",
                "tags": {},
                "tags_all": {},
                "throughput": 125,
                "volume_id": "vol-0185656a33371663c",
                "volume_size": 8,
                "volume_type": "gp3"
              }
            ],
            "secondary_private_ips": [],
            "security_groups": [],
            "source_dest_check": true,
            "spot_instance_request_id": "",
            "subnet_id": "subnet-0523be653416100b5",
            "tags": {
              "Name": "app-inst"
            },
            "tags_all": {
              "Name": "app-inst"
            },
            "tenancy": "default",
            "timeouts": null,
            "user_data": null,
            "user_data_base64": null,
            "user_data_replace_on_change": false,
            "volume_tags": null,
            "vpc_security_group_ids": [
              "sg-005c6af7edd169532"
            ]
          },
          "sensitive_attributes": [],
          "private": "eyJlMmJmYjczMC1lY2FhLTExZTYtOGY4OC0zNDM2M2JjN2M0YzAiOnsiY3JlYXRlIjo2MDAwMDAwMDAwMDAsImRlbGV0ZSI6MTIwMDAwMDAwMDAwMCwicmVhZCI6OTAwMDAwMDAwMDAwLCJ1cGRhdGUiOjYwMDAwMDAwMDAwMH0sInNjaGVtYV92ZXJzaW9uIjoiMSJ9",
          "dependencies": [
            "aws_security_group.app-sg",
            "aws_subnet.appsubnet",
            "aws_vpc.customevpc"
          ]
        }
      ]
    },
    {
      "mode": "managed",
      "type": "aws_instance",
      "name": "webec2",
      "provider": "provider[\"registry.terraform.io/hashicorp/aws\"]",
      "instances": [
        {
          "schema_version": 1,
          "attributes": {
            "ami": "ami-0440d3b780d96b29d",
            "arn": "arn:aws:ec2:us-east-1:637423357808:instance/i-078dfec717c20b878",
            "associate_public_ip_address": true,
            "availability_zone": "us-east-1a",
            "capacity_reservation_specification": [
              {
                "capacity_reservation_preference": "open",
                "capacity_reservation_target": []
              }
            ],
            "cpu_core_count": 1,
            "cpu_options": [
              {
                "amd_sev_snp": "",
                "core_count": 1,
                "threads_per_core": 1
              }
            ],
            "cpu_threads_per_core": 1,
            "credit_specification": [
              {
                "cpu_credits": "standard"
              }
            ],
            "disable_api_stop": false,
            "disable_api_termination": false,
            "ebs_block_device": [],
            "ebs_optimized": false,
            "enclave_options": [
              {
                "enabled": false
              }
            ],
            "ephemeral_block_device": [],
            "get_password_data": false,
            "hibernation": false,
            "host_id": "",
            "host_resource_group_arn": null,
            "iam_instance_profile": "",
            "id": "i-078dfec717c20b878",
            "instance_initiated_shutdown_behavior": "stop",
            "instance_lifecycle": "",
            "instance_market_options": [],
            "instance_state": "running",
            "instance_type": "t2.micro",
            "ipv6_address_count": 0,
            "ipv6_addresses": [],
            "key_name": "tf-key-pair",
            "launch_template": [],
            "maintenance_options": [
              {
                "auto_recovery": "default"
              }
            ],
            "metadata_options": [
              {
                "http_endpoint": "enabled",
                "http_protocol_ipv6": "disabled",
                "http_put_response_hop_limit": 2,
                "http_tokens": "required",
                "instance_metadata_tags": "disabled"
              }
            ],
            "monitoring": false,
            "network_interface": [],
            "outpost_arn": "",
            "password_data": "",
            "placement_group": "",
            "placement_partition_number": 0,
            "primary_network_interface_id": "eni-0a378ee903992349e",
            "private_dns": "ip-10-0-5-228.ec2.internal",
            "private_dns_name_options": [
              {
                "enable_resource_name_dns_a_record": false,
                "enable_resource_name_dns_aaaa_record": false,
                "hostname_type": "ip-name"
              }
            ],
            "private_ip": "10.0.5.228",
            "public_dns": "",
            "public_ip": "52.91.67.94",
            "root_block_device": [
              {
                "delete_on_termination": true,
                "device_name": "/dev/xvda",
                "encrypted": false,
                "iops": 3000,
                "kms_key_id": "",
                "tags": {},
                "tags_all": {},
                "throughput": 125,
                "volume_id": "vol-08a4d3996fd8bfcd7",
                "volume_size": 8,
                "volume_type": "gp3"
              }
            ],
            "secondary_private_ips": [],
            "security_groups": [],
            "source_dest_check": true,
            "spot_instance_request_id": "",
            "subnet_id": "subnet-0d45cc74f49d5e75e",
            "tags": {
              "Name": "web-inst"
            },
            "tags_all": {
              "Name": "web-inst"
            },
            "tenancy": "default",
            "timeouts": null,
            "user_data": null,
            "user_data_base64": null,
            "user_data_replace_on_change": false,
            "volume_tags": null,
            "vpc_security_group_ids": [
              "sg-0391cdc79cb94f738"
            ]
          },
          "sensitive_attributes": [],
          "private": "eyJlMmJmYjczMC1lY2FhLTExZTYtOGY4OC0zNDM2M2JjN2M0YzAiOnsiY3JlYXRlIjo2MDAwMDAwMDAwMDAsImRlbGV0ZSI6MTIwMDAwMDAwMDAwMCwicmVhZCI6OTAwMDAwMDAwMDAwLCJ1cGRhdGUiOjYwMDAwMDAwMDAwMH0sInNjaGVtYV92ZXJzaW9uIjoiMSJ9",
          "dependencies": [
            "aws_security_group.web-sg",
            "aws_subnet.websubnet",
            "aws_vpc.customevpc"
          ]
        }
      ]
    },
    {
      "mode": "managed",
      "type": "aws_internet_gateway",
      "name": "custom-igw",
      "provider": "provider[\"registry.terraform.io/hashicorp/aws\"]",
      "instances": [
        {
          "schema_version": 0,
          "attributes": {
            "arn": "arn:aws:ec2:us-east-1:637423357808:internet-gateway/igw-012b2f3b5d4ff5bb6",
            "id": "igw-012b2f3b5d4ff5bb6",
            "owner_id": "637423357808",
            "tags": {
              "Name": "custom-igw"
            },
            "tags_all": {
              "Name": "custom-igw"
            },
            "timeouts": null,
            "vpc_id": "vpc-0a9f8c31f4cf06ce0"
          },
          "sensitive_attributes": [],
          "private": "eyJlMmJmYjczMC1lY2FhLTExZTYtOGY4OC0zNDM2M2JjN2M0YzAiOnsiY3JlYXRlIjoxMjAwMDAwMDAwMDAwLCJkZWxldGUiOjEyMDAwMDAwMDAwMDAsInVwZGF0ZSI6MTIwMDAwMDAwMDAwMH19",
          "dependencies": [
            "aws_vpc.customevpc"
          ]
        }
      ]
    },
    {
      "mode": "managed",
      "type": "aws_key_pair",
      "name": "tf-key-pair",
      "provider": "provider[\"registry.terraform.io/hashicorp/aws\"]",
      "instances": [
        {
          "schema_version": 1,
          "attributes": {
            "arn": "arn:aws:ec2:us-east-1:637423357808:key-pair/tf-key-pair",
            "fingerprint": "24:03:8a:fd:20:a7:39:d7:37:8e:17:5b:8a:f6:b7:4a",
            "id": "tf-key-pair",
            "key_name": "tf-key-pair",
            "key_name_prefix": "",
            "key_pair_id": "key-0c4deea91166ade61",
            "key_type": "rsa",
            "public_key": "ssh-rsa AAAAB3NzaC1yc2EAAAADAQABAAACAQCkYJg4a0Nhu+dtc1R+IVp2zHOpYmq78JO5lY/h7B2rCB8t/yCQDwKwkokLe/7bO1lZci7ew6M6zBmM5Fs5xSjDvCku292569E1ecOA/fGmmn3vXdzaCz6+VX89pUH5fng21exMHvdaY6p3GgqRFEbuP9yFTXRfsWFOn+6d6BqJGeKi7mg+qe95QBvaVFXiK3Y1vsOw7iLoxhuI4nMNfJNsVx7nkjHMyh1x9f2FI14/Y+yvK5U/pH/87C9m6+cKjpEvxGEt+xLNA+upcaop8Py1Mox9xeh+BBQ16mohI/Xsvhcua4MWzZAoJTgFKbC1/IZiNWL96imFUzxfyX4x56T8jjSwP9EJvTiR/1gDe3N8IY14UXLNHvaCMK0M7P/jCzBePfGlASkz7EbYd3LmuPYek74/8QZdjWKtk9CWhs+jBwCz9o0uHg8RTEHr6/IelLVjIwPiwTsqMsttep4bhyYlAPLjbANLM8B857RPurreGEkl9p1QbC3k2orzX6lyAiQ1X0OxaHluhWSHAOD3h+NdDG87Enxld9dOMsLAN0UmxLXLIJYJ/N/IleLdjGQFi/QMOt0eOlsCLke+OJdFMt07f2ij/DvYVxHfCJh1HwZZCjTa7dsty8VRDLCyuN1liyWHJ0T1TI7EQi80rI05r6mZJoCxWaHrgiBW3gSbUm3ZHw==",
            "tags": null,
            "tags_all": {}
          },
          "sensitive_attributes": [],
          "private": "eyJzY2hlbWFfdmVyc2lvbiI6IjEifQ==",
          "dependencies": [
            "tls_private_key.rsa"
          ]
        }
      ]
    },
    {
      "mode": "managed",
      "type": "aws_route_table",
      "name": "private-rt",
      "provider": "provider[\"registry.terraform.io/hashicorp/aws\"]",
      "instances": [
        {
          "schema_version": 0,
          "attributes": {
            "arn": "arn:aws:ec2:us-east-1:637423357808:route-table/rtb-0ac17ad4b17be4076",
            "id": "rtb-0ac17ad4b17be4076",
            "owner_id": "637423357808",
            "propagating_vgws": [],
            "route": [
              {
                "carrier_gateway_id": "",
                "cidr_block": "10.0.0.0/16",
                "core_network_arn": "",
                "destination_prefix_list_id": "",
                "egress_only_gateway_id": "",
                "gateway_id": "local",
                "ipv6_cidr_block": "",
                "local_gateway_id": "",
                "nat_gateway_id": "",
                "network_interface_id": "",
                "transit_gateway_id": "",
                "vpc_endpoint_id": "",
                "vpc_peering_connection_id": ""
              }
            ],
            "tags": {
              "Name": "pvt-rt"
            },
            "tags_all": {
              "Name": "pvt-rt"
            },
            "timeouts": null,
            "vpc_id": "vpc-0a9f8c31f4cf06ce0"
          },
          "sensitive_attributes": [],
          "private": "eyJlMmJmYjczMC1lY2FhLTExZTYtOGY4OC0zNDM2M2JjN2M0YzAiOnsiY3JlYXRlIjozMDAwMDAwMDAwMDAsImRlbGV0ZSI6MzAwMDAwMDAwMDAwLCJ1cGRhdGUiOjEyMDAwMDAwMDAwMH19",
          "dependencies": [
            "aws_vpc.customevpc"
          ]
        }
      ]
    },
    {
      "mode": "managed",
      "type": "aws_route_table",
      "name": "public-rt",
      "provider": "provider[\"registry.terraform.io/hashicorp/aws\"]",
      "instances": [
        {
          "schema_version": 0,
          "attributes": {
            "arn": "arn:aws:ec2:us-east-1:637423357808:route-table/rtb-0365f3cfc93b294fe",
            "id": "rtb-0365f3cfc93b294fe",
            "owner_id": "637423357808",
            "propagating_vgws": [],
            "route": [
              {
                "carrier_gateway_id": "",
                "cidr_block": "0.0.0.0/0",
                "core_network_arn": "",
                "destination_prefix_list_id": "",
                "egress_only_gateway_id": "",
                "gateway_id": "igw-012b2f3b5d4ff5bb6",
                "ipv6_cidr_block": "",
                "local_gateway_id": "",
                "nat_gateway_id": "",
                "network_interface_id": "",
                "transit_gateway_id": "",
                "vpc_endpoint_id": "",
                "vpc_peering_connection_id": ""
              },
              {
                "carrier_gateway_id": "",
                "cidr_block": "10.0.0.0/16",
                "core_network_arn": "",
                "destination_prefix_list_id": "",
                "egress_only_gateway_id": "",
                "gateway_id": "local",
                "ipv6_cidr_block": "",
                "local_gateway_id": "",
                "nat_gateway_id": "",
                "network_interface_id": "",
                "transit_gateway_id": "",
                "vpc_endpoint_id": "",
                "vpc_peering_connection_id": ""
              }
            ],
            "tags": {
              "Name": "pub-rt"
            },
            "tags_all": {
              "Name": "pub-rt"
            },
            "timeouts": null,
            "vpc_id": "vpc-0a9f8c31f4cf06ce0"
          },
          "sensitive_attributes": [],
          "private": "eyJlMmJmYjczMC1lY2FhLTExZTYtOGY4OC0zNDM2M2JjN2M0YzAiOnsiY3JlYXRlIjozMDAwMDAwMDAwMDAsImRlbGV0ZSI6MzAwMDAwMDAwMDAwLCJ1cGRhdGUiOjEyMDAwMDAwMDAwMH19",
          "dependencies": [
            "aws_internet_gateway.custom-igw",
            "aws_vpc.customevpc"
          ]
        }
      ]
    },
    {
      "mode": "managed",
      "type": "aws_route_table_association",
      "name": "app-association",
      "provider": "provider[\"registry.terraform.io/hashicorp/aws\"]",
      "instances": [
        {
          "schema_version": 0,
          "attributes": {
            "gateway_id": "",
            "id": "rtbassoc-03b5ab0557c92dc2e",
            "route_table_id": "rtb-0ac17ad4b17be4076",
            "subnet_id": "subnet-0523be653416100b5",
            "timeouts": null
          },
          "sensitive_attributes": [],
          "private": "eyJlMmJmYjczMC1lY2FhLTExZTYtOGY4OC0zNDM2M2JjN2M0YzAiOnsiY3JlYXRlIjozMDAwMDAwMDAwMDAsImRlbGV0ZSI6MzAwMDAwMDAwMDAwLCJ1cGRhdGUiOjEyMDAwMDAwMDAwMH19",
          "dependencies": [
            "aws_route_table.private-rt",
            "aws_subnet.appsubnet",
            "aws_vpc.customevpc"
          ]
        }
      ]
    },
    {
      "mode": "managed",
      "type": "aws_route_table_association",
      "name": "db-association",
      "provider": "provider[\"registry.terraform.io/hashicorp/aws\"]",
      "instances": [
        {
          "schema_version": 0,
          "attributes": {
            "gateway_id": "",
            "id": "rtbassoc-09b9bdfd0e76cb206",
            "route_table_id": "rtb-0ac17ad4b17be4076",
            "subnet_id": "subnet-04f5fbbd8a2aebb1d",
            "timeouts": null
          },
          "sensitive_attributes": [],
          "private": "eyJlMmJmYjczMC1lY2FhLTExZTYtOGY4OC0zNDM2M2JjN2M0YzAiOnsiY3JlYXRlIjozMDAwMDAwMDAwMDAsImRlbGV0ZSI6MzAwMDAwMDAwMDAwLCJ1cGRhdGUiOjEyMDAwMDAwMDAwMH19",
          "dependencies": [
            "aws_route_table.private-rt",
            "aws_subnet.dbsubnet",
            "aws_vpc.customevpc"
          ]
        }
      ]
    },
    {
      "mode": "managed",
      "type": "aws_route_table_association",
      "name": "web-association",
      "provider": "provider[\"registry.terraform.io/hashicorp/aws\"]",
      "instances": [
        {
          "schema_version": 0,
          "attributes": {
            "gateway_id": "",
            "id": "rtbassoc-0d55cf018b171747a",
            "route_table_id": "rtb-0365f3cfc93b294fe",
            "subnet_id": "subnet-0d45cc74f49d5e75e",
            "timeouts": null
          },
          "sensitive_attributes": [],
          "private": "eyJlMmJmYjczMC1lY2FhLTExZTYtOGY4OC0zNDM2M2JjN2M0YzAiOnsiY3JlYXRlIjozMDAwMDAwMDAwMDAsImRlbGV0ZSI6MzAwMDAwMDAwMDAwLCJ1cGRhdGUiOjEyMDAwMDAwMDAwMH19",
          "dependencies": [
            "aws_internet_gateway.custom-igw",
            "aws_route_table.public-rt",
            "aws_subnet.websubnet",
            "aws_vpc.customevpc"
          ]
        }
      ]
    },
    {
      "mode": "managed",
      "type": "aws_security_group",
      "name": "app-sg",
      "provider": "provider[\"registry.terraform.io/hashicorp/aws\"]",
      "instances": [
        {
          "schema_version": 1,
          "attributes": {
            "arn": "arn:aws:ec2:us-east-1:637423357808:security-group/sg-005c6af7edd169532",
            "description": "Managed by Terraform",
            "egress": [
              {
                "cidr_blocks": [
                  "0.0.0.0/0"
                ],
                "description": "",
                "from_port": 0,
                "ipv6_cidr_blocks": [],
                "prefix_list_ids": [],
                "protocol": "-1",
                "security_groups": [],
                "self": false,
                "to_port": 0
              }
            ],
            "id": "sg-005c6af7edd169532",
            "ingress": [
              {
                "cidr_blocks": [
                  "10.0.16.0/20"
                ],
                "description": "",
                "from_port": 9000,
                "ipv6_cidr_blocks": [],
                "prefix_list_ids": [],
                "protocol": "tcp",
                "security_groups": [],
                "self": false,
                "to_port": 9000
              }
            ],
            "name": "terraform-20240327144543024100000002",
            "name_prefix": "terraform-",
            "owner_id": "637423357808",
            "revoke_rules_on_delete": false,
            "tags": null,
            "tags_all": {},
            "timeouts": null,
            "vpc_id": "vpc-0a9f8c31f4cf06ce0"
          },
          "sensitive_attributes": [],
          "private": "eyJlMmJmYjczMC1lY2FhLTExZTYtOGY4OC0zNDM2M2JjN2M0YzAiOnsiY3JlYXRlIjo2MDAwMDAwMDAwMDAsImRlbGV0ZSI6OTAwMDAwMDAwMDAwfSwic2NoZW1hX3ZlcnNpb24iOiIxIn0=",
          "dependencies": [
            "aws_vpc.customevpc"
          ]
        }
      ]
    },
    {
      "mode": "managed",
      "type": "aws_security_group",
      "name": "db-sg",
      "provider": "provider[\"registry.terraform.io/hashicorp/aws\"]",
      "instances": [
        {
          "schema_version": 1,
          "attributes": {
            "arn": "arn:aws:ec2:us-east-1:637423357808:security-group/sg-023234df5282d65ff",
            "description": "Managed by Terraform",
            "egress": [
              {
                "cidr_blocks": [
                  "0.0.0.0/0"
                ],
                "description": "",
                "from_port": 0,
                "ipv6_cidr_blocks": [],
                "prefix_list_ids": [],
                "protocol": "-1",
                "security_groups": [],
                "self": false,
                "to_port": 0
              }
            ],
            "id": "sg-023234df5282d65ff",
            "ingress": [
              {
                "cidr_blocks": [
                  "10.0.32.0/24"
                ],
                "description": "",
                "from_port": 3306,
                "ipv6_cidr_blocks": [],
                "prefix_list_ids": [],
                "protocol": "tcp",
                "security_groups": [],
                "self": false,
                "to_port": 3306
              }
            ],
            "name": "terraform-20240327144543028800000003",
            "name_prefix": "terraform-",
            "owner_id": "637423357808",
            "revoke_rules_on_delete": false,
            "tags": null,
            "tags_all": {},
            "timeouts": null,
            "vpc_id": "vpc-0a9f8c31f4cf06ce0"
          },
          "sensitive_attributes": [],
          "private": "eyJlMmJmYjczMC1lY2FhLTExZTYtOGY4OC0zNDM2M2JjN2M0YzAiOnsiY3JlYXRlIjo2MDAwMDAwMDAwMDAsImRlbGV0ZSI6OTAwMDAwMDAwMDAwfSwic2NoZW1hX3ZlcnNpb24iOiIxIn0=",
          "dependencies": [
            "aws_vpc.customevpc"
          ]
        }
      ]
    },
    {
      "mode": "managed",
      "type": "aws_security_group",
      "name": "web-sg",
      "provider": "provider[\"registry.terraform.io/hashicorp/aws\"]",
      "instances": [
        {
          "schema_version": 1,
          "attributes": {
            "arn": "arn:aws:ec2:us-east-1:637423357808:security-group/sg-0391cdc79cb94f738",
            "description": "Managed by Terraform",
            "egress": [
              {
                "cidr_blocks": [
                  "0.0.0.0/0"
                ],
                "description": "",
                "from_port": 0,
                "ipv6_cidr_blocks": [],
                "prefix_list_ids": [],
                "protocol": "-1",
                "security_groups": [],
                "self": false,
                "to_port": 0
              }
            ],
            "id": "sg-0391cdc79cb94f738",
            "ingress": [
              {
                "cidr_blocks": [
                  "0.0.0.0/0"
                ],
                "description": "",
                "from_port": 22,
                "ipv6_cidr_blocks": [],
                "prefix_list_ids": [],
                "protocol": "tcp",
                "security_groups": [],
                "self": false,
                "to_port": 22
              },
              {
                "cidr_blocks": [
                  "0.0.0.0/0"
                ],
                "description": "",
                "from_port": 80,
                "ipv6_cidr_blocks": [],
                "prefix_list_ids": [],
                "protocol": "tcp",
                "security_groups": [],
                "self": false,
                "to_port": 80
              }
            ],
            "name": "terraform-20240327144543014200000001",
            "name_prefix": "terraform-",
            "owner_id": "637423357808",
            "revoke_rules_on_delete": false,
            "tags": null,
            "tags_all": {},
            "timeouts": null,
            "vpc_id": "vpc-0a9f8c31f4cf06ce0"
          },
          "sensitive_attributes": [],
          "private": "eyJlMmJmYjczMC1lY2FhLTExZTYtOGY4OC0zNDM2M2JjN2M0YzAiOnsiY3JlYXRlIjo2MDAwMDAwMDAwMDAsImRlbGV0ZSI6OTAwMDAwMDAwMDAwfSwic2NoZW1hX3ZlcnNpb24iOiIxIn0=",
          "dependencies": [
            "aws_vpc.customevpc"
          ]
        }
      ]
    },
    {
      "mode": "managed",
      "type": "aws_subnet",
      "name": "appsubnet",
      "provider": "provider[\"registry.terraform.io/hashicorp/aws\"]",
      "instances": [
        {
          "schema_version": 1,
          "attributes": {
            "arn": "arn:aws:ec2:us-east-1:637423357808:subnet/subnet-0523be653416100b5",
            "assign_ipv6_address_on_creation": false,
            "availability_zone": "us-east-1b",
            "availability_zone_id": "use1-az1",
            "cidr_block": "10.0.16.0/20",
            "customer_owned_ipv4_pool": "",
            "enable_dns64": false,
            "enable_lni_at_device_index": 0,
            "enable_resource_name_dns_a_record_on_launch": false,
            "enable_resource_name_dns_aaaa_record_on_launch": false,
            "id": "subnet-0523be653416100b5",
            "ipv6_cidr_block": "",
            "ipv6_cidr_block_association_id": "",
            "ipv6_native": false,
            "map_customer_owned_ip_on_launch": false,
            "map_public_ip_on_launch": false,
            "outpost_arn": "",
            "owner_id": "637423357808",
            "private_dns_hostname_type_on_launch": "ip-name",
            "tags": {
              "Name": "app-subnet"
            },
            "tags_all": {
              "Name": "app-subnet"
            },
            "timeouts": null,
            "vpc_id": "vpc-0a9f8c31f4cf06ce0"
          },
          "sensitive_attributes": [],
          "private": "eyJlMmJmYjczMC1lY2FhLTExZTYtOGY4OC0zNDM2M2JjN2M0YzAiOnsiY3JlYXRlIjo2MDAwMDAwMDAwMDAsImRlbGV0ZSI6MTIwMDAwMDAwMDAwMH0sInNjaGVtYV92ZXJzaW9uIjoiMSJ9",
          "dependencies": [
            "aws_vpc.customevpc"
          ]
        }
      ]
    },
    {
      "mode": "managed",
      "type": "aws_subnet",
      "name": "dbsubnet",
      "provider": "provider[\"registry.terraform.io/hashicorp/aws\"]",
      "instances": [
        {
          "schema_version": 1,
          "attributes": {
            "arn": "arn:aws:ec2:us-east-1:637423357808:subnet/subnet-04f5fbbd8a2aebb1d",
            "assign_ipv6_address_on_creation": false,
            "availability_zone": "us-east-1c",
            "availability_zone_id": "use1-az2",
            "cidr_block": "10.0.32.0/24",
            "customer_owned_ipv4_pool": "",
            "enable_dns64": false,
            "enable_lni_at_device_index": 0,
            "enable_resource_name_dns_a_record_on_launch": false,
            "enable_resource_name_dns_aaaa_record_on_launch": false,
            "id": "subnet-04f5fbbd8a2aebb1d",
            "ipv6_cidr_block": "",
            "ipv6_cidr_block_association_id": "",
            "ipv6_native": false,
            "map_customer_owned_ip_on_launch": false,
            "map_public_ip_on_launch": false,
            "outpost_arn": "",
            "owner_id": "637423357808",
            "private_dns_hostname_type_on_launch": "ip-name",
            "tags": {
              "Name": "db-subnet"
            },
            "tags_all": {
              "Name": "db-subnet"
            },
            "timeouts": null,
            "vpc_id": "vpc-0a9f8c31f4cf06ce0"
          },
          "sensitive_attributes": [],
          "private": "eyJlMmJmYjczMC1lY2FhLTExZTYtOGY4OC0zNDM2M2JjN2M0YzAiOnsiY3JlYXRlIjo2MDAwMDAwMDAwMDAsImRlbGV0ZSI6MTIwMDAwMDAwMDAwMH0sInNjaGVtYV92ZXJzaW9uIjoiMSJ9",
          "dependencies": [
            "aws_vpc.customevpc"
          ]
        }
      ]
    },
    {
      "mode": "managed",
      "type": "aws_subnet",
      "name": "websubnet",
      "provider": "provider[\"registry.terraform.io/hashicorp/aws\"]",
      "instances": [
        {
          "schema_version": 1,
          "attributes": {
            "arn": "arn:aws:ec2:us-east-1:637423357808:subnet/subnet-0d45cc74f49d5e75e",
            "assign_ipv6_address_on_creation": false,
            "availability_zone": "us-east-1a",
            "availability_zone_id": "use1-az6",
            "cidr_block": "10.0.0.0/20",
            "customer_owned_ipv4_pool": "",
            "enable_dns64": false,
            "enable_lni_at_device_index": 0,
            "enable_resource_name_dns_a_record_on_launch": false,
            "enable_resource_name_dns_aaaa_record_on_launch": false,
            "id": "subnet-0d45cc74f49d5e75e",
            "ipv6_cidr_block": "",
            "ipv6_cidr_block_association_id": "",
            "ipv6_native": false,
            "map_customer_owned_ip_on_launch": false,
            "map_public_ip_on_launch": false,
            "outpost_arn": "",
            "owner_id": "637423357808",
            "private_dns_hostname_type_on_launch": "ip-name",
            "tags": {
              "Name": "web-subnet"
            },
            "tags_all": {
              "Name": "web-subnet"
            },
            "timeouts": null,
            "vpc_id": "vpc-0a9f8c31f4cf06ce0"
          },
          "sensitive_attributes": [],
          "private": "eyJlMmJmYjczMC1lY2FhLTExZTYtOGY4OC0zNDM2M2JjN2M0YzAiOnsiY3JlYXRlIjo2MDAwMDAwMDAwMDAsImRlbGV0ZSI6MTIwMDAwMDAwMDAwMH0sInNjaGVtYV92ZXJzaW9uIjoiMSJ9",
          "dependencies": [
            "aws_vpc.customevpc"
          ]
        }
      ]
    },
    {
      "mode": "managed",
      "type": "aws_vpc",
      "name": "customevpc",
      "provider": "provider[\"registry.terraform.io/hashicorp/aws\"]",
      "instances": [
        {
          "schema_version": 1,
          "attributes": {
            "arn": "arn:aws:ec2:us-east-1:637423357808:vpc/vpc-0a9f8c31f4cf06ce0",
            "assign_generated_ipv6_cidr_block": false,
            "cidr_block": "10.0.0.0/16",
            "default_network_acl_id": "acl-0069e96083c7a0bd9",
            "default_route_table_id": "rtb-0ce12190edfa5b373",
            "default_security_group_id": "sg-08fc7fc8f00d4108c",
            "dhcp_options_id": "dopt-0894bf8dda4f2f1c5",
            "enable_dns_hostnames": false,
            "enable_dns_support": true,
            "enable_network_address_usage_metrics": false,
            "id": "vpc-0a9f8c31f4cf06ce0",
            "instance_tenancy": "default",
            "ipv4_ipam_pool_id": null,
            "ipv4_netmask_length": null,
            "ipv6_association_id": "",
            "ipv6_cidr_block": "",
            "ipv6_cidr_block_network_border_group": "",
            "ipv6_ipam_pool_id": "",
            "ipv6_netmask_length": 0,
            "main_route_table_id": "rtb-0ce12190edfa5b373",
            "owner_id": "637423357808",
            "tags": {
              "Name": "custom-vpc"
            },
            "tags_all": {
              "Name": "custom-vpc"
            }
          },
          "sensitive_attributes": [],
          "private": "eyJzY2hlbWFfdmVyc2lvbiI6IjEifQ=="
        }
      ]
    },
    {
      "mode": "managed",
      "type": "local_file",
      "name": "tf-key",
      "provider": "provider[\"registry.terraform.io/hashicorp/local\"]",
      "instances": [
        {
          "schema_version": 0,
          "attributes": {
            "content": "-----BEGIN RSA PRIVATE KEY-----\nMIIJKQIBAAKCAgEApGCYOGtDYbvnbXNUfiFadsxzqWJqu/CTuZWP4ewdqwgfLf8g\nkA8CsJKJC3v+2ztZWXIu3sOjOswZjORbOcUow7wpLtvduevRNXnDgP3xppp9713c\n2gs+vlV/PaVB+X54NtXsTB73WmOqdxoKkRRG7j/chU10X7FhTp/unegaiRniou5o\nPqnveUAb2lRV4it2Nb7DsO4i6MYbiOJzDXyTbFce55IxzModcfX9hSNeP2PsryuV\nP6R//OwvZuvnCo6RL8RhLfsSzQPrqXGqKfD8tTKMfcXofgQUNepqISP17L4XLmuD\nFs2QKCU4BSmwtfyGYjVi/eophVM8X8l+Meek/I40sD/RCb04kf9YA3tzfCGNeFFy\nzR72gjCtDOz/4wswXj3xpQEpM+xG2Hdy5rj2HpO+P/EGXY1irZPQlobPowcAs/aN\nLh4PEUxB6+vyHpS1YyMD4sE7KjLLbXqeG4cmJQDy42wDSzPAfOe0T7q63hhJJfad\nUGwt5NqK81+pcgIkNV9DsWh5boVkhwDg94fjXQxvOxJ8ZXfXTjLCwDdFJsS1yyCW\nCfzfyJXi3YxkBYv0DDrdHjpbAi5HvjiXRTLdO39oo/w72FcR3wiYdR8GWQo02u3b\nLcvFUQywsrjdZYslhydE9UyOxEIvNKyNOa+pmSaAsVmh64IgVt4Em1Jt2R8CAwEA\nAQKCAgA5IN0mlpjnib/H+VI/N+ZR7YKxNuQzh0xALqu/8CjrfTog6U9u4dikd3kr\nxZ9woDLQdG+3ujSrxa2HmwHdlRky1d1WTNHFwSCHvlblKNzocz8bhvqvyUK4Mcy0\nJxBD3uF25WhnmEeNYaAoHqPXgj2YphdFOQMeEu7nvYvX04gNaDKtP8B5LuRstow3\nmCH1JffCfBdVEZ6OWfPN4i3sXQR7nde+0b9/FiufpMfEkuM5ksf6pWIMqWZWB9v9\noDU/JQdum4jOyzjgieFIlZl3VCrv6q6LM9I2ocJIbr0N4YqiCfrShkkcDrtwSGcs\n3C1vQmGOFlHeP5jInoIYJFY4j/J1yVYV/U5s0m5iFqIjg4lU2NdzXktdWgibG5ya\nHhp285SuM/K1JiwppFhwahZjxSm9m+BP3D8Dl9bhqvvFBjV484UKc/3GIEn6wkxT\n7nljRxDWnvBabkO/wvnvgtyHI5KWMoEEbrK41L4ZymUPz39segpv6odxvnGI45ai\n16hNaR5vKSxuKXQzzUM0aKUr7d1lWiN/Bubj4quubq/iPWWJiGwuOxrbkCfY/XNk\nXdo8Hxm9wmScShNGVCRxL6UscrKywWPAj4qYLX5dVfgI+7dgYGVyXqZwMItX80Ju\nWfxGrBB4TURe1KHpORLCux3qJk0tdBC0U7xGyhDsqy7ahbDleQKCAQEA1qqE9mL2\nxO6SeM16alkaalb5o/Vw1McmSr49BStVqDdKQ4j2/wjzZ1LTaGhZLEeQvOLj9wjF\nJP9e7nhI4/HHeNOuoetPMwGehJqSPxrnaau2v481u6jRV6pjRkS2gtmWGnUcjciV\nWNbsm8X2cBoel8MQRCBlajlXAm9nsOqMfPQU6GVOunwT6HEpW+BviQd95m0ymF39\nMHtmx935+nHoP2ICNsMzMC7gSsrxaDgqPvxMC7TgDVtKL9QhAEhIzrLEQBte/WkI\nAWoinoUYlRpnT4xA2iG/RG+lcz+U+7d2RDcvqPKBXSZfovgWQYZeVFPnmtlWgp6P\nc4Mf4ep2zQROWwKCAQEAxAc0Lx0mH5opurZBS6xglvxzwX+zyLrfRe6RYlJxvLZo\nhnETECv3MA+gXsaZ33oRjucvpFvlUhhHSRwD1qb5S4D34GzujS4H5rftA8kAHMYP\nhcf9TEP5cp4BX2JrenNneLPOLUkdBDTq+1iddqZpuplIOt/G2gqAO1tekHcQkt47\nvEySppcMzCUU1lvpk19tL6ROSrB9Ale4xRYa3gAz4KaUBHuDOSKuqmB5kGOJdncY\nRBSwm5O8uJcMXZAphNkzJY7RfBW/ZVP+OoR8lclTadOmw+d7PZkfqXcIT9Z/llX5\n6sZaQMuVG+IMyOneECOxMcJY9T2HZHPj9UM/nPzjjQKCAQEAr+QKjGPsdNJSe99J\nlcgqp8VaSaj7aa1AR+/2ybyHNA0RsaKRV8k6v4eTJ7KQloKRKuPyDGFIQBdq7pTq\njLN4UR2Jsqy/OTjzbQ3GFSTzRpdnZzBtw7UAywcWzuXQcgjdQBKDcf1Pufpo5v5e\n/d25AXrYYin1TwNqstkbqk+VC3FnjEAuMQknusa2L80HNs1HsL36vfQNWGNUhSHy\nCO66cOzaiYqJ78oJB9+fzFhw7SkHGnR7PRZ3BBeZbsTLu2mo+iozPAqKf7Y6ZY8C\n5HE9A2YVYWZTdTzR4UvQxCvAIQbi61jA/NVLeZozij8SHaCeXjgE9YP8YJapUhAu\nhbAojwKCAQEAwCzzytB/xHGFQWdVohNO6hZ6gRNptHsHUm6slsCOglwtIsgN0UfY\n4IQhS2jWBxGLzxX0TeRNb+sfT5woYzJ0qcG4wIrqXvvmgRiFQrW153+ATj4eo7rr\n/KLMY6+AAJ7MrLdRhHHuAWbDiz93t48zjdyhxB4Hu1CaIBbWITioxeMamuJSzwC8\nahJcWD3pQjJGP3OL0YsuMrK/EHA4TLXUJgQIjlBr+AJ5S8yiwJvkcoAVCQFjllIC\nrNBgLgWbvoKUsthNpKFJbtQmI0YpQUsK/G+jSOFRn7TTJnbsbiCyGjcVeEWWy3kK\nKDi3IeysaBQlrcuDHIGCj0dSDusrnQMLLQKCAQBVo02eHBFZQQ8I2PMojJFet9hT\nbZPfvNJIEogoE4YIOL1AVcJKIsYBCcih8Oj422S0/z4Wa55NC6dVntf0l9EXDOZO\nuYO8qQgQIGrkzVS8jy5PWIZB6Nmd/LtWSGGqxxPn19KJr1Jqgei0WdiowGspz6sm\nHAyHuKS3tKgbZWm5cRCO4cGavYM7Gff85jIjkT8c8Wvh7cAhhLjGcEQ5FW+ZxUyZ\noANI5ojV7Nji0NgX2d1isgczYfcftYgI6uEiC7o/DunKqPpL7HGrz52eJjC5zPw8\nkxMfAt+VLVf9wNe5LN8srnRgHzyNUzjHyr27eIaP9MTgx8OLge//1PrvSmhy\n-----END RSA PRIVATE KEY-----\n",
            "content_base64": null,
            "content_base64sha256": "ijC7sLpXytOmnFmSjPoAMnEXQTRBVtWKeX/iK95ZBXU=",
            "content_base64sha512": "cKm4qdkiM2T8jSWPynNA5fLsKltMDcl2GsdnR14QjsoaoiwrqIOw+AhqBFuhlvskwOalKyqrD/gTKWdbMIXA+Q==",
            "content_md5": "2969f40b16fb2fc72deb4b989c557ea2",
            "content_sha1": "c786f0668158ae03b491c48d116699c88021610f",
            "content_sha256": "8a30bbb0ba57cad3a69c59928cfa0032711741344156d58a797fe22bde590575",
            "content_sha512": "70a9b8a9d9223364fc8d258fca7340e5f2ec2a5b4c0dc9761ac767475e108eca1aa22c2ba883b0f8086a045ba196fb24c0e6a52b2aab0ff81329675b3085c0f9",
            "directory_permission": "0777",
            "file_permission": "0777",
            "filename": "tf-key-pair",
            "id": "c786f0668158ae03b491c48d116699c88021610f",
            "sensitive_content": null,
            "source": null
          },
          "sensitive_attributes": [
            [
              {
                "type": "get_attr",
                "value": "content"
              }
            ]
          ],
          "dependencies": [
            "tls_private_key.rsa"
          ]
        }
      ]
    },
    {
      "mode": "managed",
      "type": "tls_private_key",
      "name": "rsa",
      "provider": "provider[\"registry.terraform.io/hashicorp/tls\"]",
      "instances": [
        {
          "schema_version": 1,
          "attributes": {
            "algorithm": "RSA",
            "ecdsa_curve": "P224",
            "id": "4453a7a7ddd0d9e35a33aada0c6af00ae3c22876",
            "private_key_openssh": "-----BEGIN OPENSSH PRIVATE KEY-----\nb3BlbnNzaC1rZXktdjEAAAAABG5vbmUAAAAEbm9uZQAAAAAAAAABAAACFwAAAAdz\nc2gtcnNhAAAAAwEAAQAAAgEApGCYOGtDYbvnbXNUfiFadsxzqWJqu/CTuZWP4ewd\nqwgfLf8gkA8CsJKJC3v+2ztZWXIu3sOjOswZjORbOcUow7wpLtvduevRNXnDgP3x\nppp9713c2gs+vlV/PaVB+X54NtXsTB73WmOqdxoKkRRG7j/chU10X7FhTp/unega\niRniou5oPqnveUAb2lRV4it2Nb7DsO4i6MYbiOJzDXyTbFce55IxzModcfX9hSNe\nP2PsryuVP6R//OwvZuvnCo6RL8RhLfsSzQPrqXGqKfD8tTKMfcXofgQUNepqISP1\n7L4XLmuDFs2QKCU4BSmwtfyGYjVi/eophVM8X8l+Meek/I40sD/RCb04kf9YA3tz\nfCGNeFFyzR72gjCtDOz/4wswXj3xpQEpM+xG2Hdy5rj2HpO+P/EGXY1irZPQlobP\nowcAs/aNLh4PEUxB6+vyHpS1YyMD4sE7KjLLbXqeG4cmJQDy42wDSzPAfOe0T7q6\n3hhJJfadUGwt5NqK81+pcgIkNV9DsWh5boVkhwDg94fjXQxvOxJ8ZXfXTjLCwDdF\nJsS1yyCWCfzfyJXi3YxkBYv0DDrdHjpbAi5HvjiXRTLdO39oo/w72FcR3wiYdR8G\nWQo02u3bLcvFUQywsrjdZYslhydE9UyOxEIvNKyNOa+pmSaAsVmh64IgVt4Em1Jt\n2R8AAAc40p0p2NKdKdgAAAAHc3NoLXJzYQAAAgEApGCYOGtDYbvnbXNUfiFadsxz\nqWJqu/CTuZWP4ewdqwgfLf8gkA8CsJKJC3v+2ztZWXIu3sOjOswZjORbOcUow7wp\nLtvduevRNXnDgP3xppp9713c2gs+vlV/PaVB+X54NtXsTB73WmOqdxoKkRRG7j/c\nhU10X7FhTp/unegaiRniou5oPqnveUAb2lRV4it2Nb7DsO4i6MYbiOJzDXyTbFce\n55IxzModcfX9hSNeP2PsryuVP6R//OwvZuvnCo6RL8RhLfsSzQPrqXGqKfD8tTKM\nfcXofgQUNepqISP17L4XLmuDFs2QKCU4BSmwtfyGYjVi/eophVM8X8l+Meek/I40\nsD/RCb04kf9YA3tzfCGNeFFyzR72gjCtDOz/4wswXj3xpQEpM+xG2Hdy5rj2HpO+\nP/EGXY1irZPQlobPowcAs/aNLh4PEUxB6+vyHpS1YyMD4sE7KjLLbXqeG4cmJQDy\n42wDSzPAfOe0T7q63hhJJfadUGwt5NqK81+pcgIkNV9DsWh5boVkhwDg94fjXQxv\nOxJ8ZXfXTjLCwDdFJsS1yyCWCfzfyJXi3YxkBYv0DDrdHjpbAi5HvjiXRTLdO39o\no/w72FcR3wiYdR8GWQo02u3bLcvFUQywsrjdZYslhydE9UyOxEIvNKyNOa+pmSaA\nsVmh64IgVt4Em1Jt2R8AAAADAQABAAACADkg3SaWmOeJv8f5Uj835lHtgrE25DOH\nTEAuq7/wKOt9OiDpT27h2KR3eSvFn3CgMtB0b7e6NKvFrYebAd2VGTLV3VZM0cXB\nIIe+VuUo3OhzPxuG+q/JQrgxzLQnEEPe4XblaGeYR41hoCgeo9eCPZimF0U5Ax4S\n7ue9i9fTiA1oMq0/wHku5Gy2jDeYIfUl98J8F1URno5Z883iLexdBHud177Rv38W\nK5+kx8SS4zmSx/qlYgypZlYH2/2gNT8lB26biM7LOOCJ4UiVmXdUKu/qrosz0jah\nwkhuvQ3hiqIJ+tKGSRwOu3BIZyzcLW9CYY4WUd4/mMieghgkVjiP8nXJVhX9TmzS\nbmIWoiODiVTY13NeS11aCJsbnJoeGnbzlK4z8rUmLCmkWHBqFmPFKb2b4E/cPwOX\n1uGq+8UGNXjzhQpz/cYgSfrCTFPueWNHENae8FpuQ7/C+e+C3IcjkpYygQRusrjU\nvhnKZQ/Pf2x6Cm/qh3G+cYjjlqLXqE1pHm8pLG4pdDPNQzRopSvt3WVaI38G5uPi\nq65ur+I9ZYmIbC47GtuQJ9j9c2Rd2jwfGb3CZJxKE0ZUJHEvpSxysrLBY8CPipgt\nfl1V+Aj7t2BgZXJepnAwi1fzQm5Z/EasEHhNRF7Uoek5EsK7HeomTS10ELRTvEbK\nEOyrLtqFsOV5AAABAFWjTZ4cEVlBDwjY8yiMkV632FNtk9+80kgSiCgThgg4vUBV\nwkoixgEJyKHw6PjbZLT/PhZrnk0Lp1We1/SX0RcM5k65g7ypCBAgauTNVLyPLk9Y\nhkHo2Z38u1ZIYarHE+fX0omvUmqB6LRZ2KjAaynPqyYcDIe4pLe0qBtlablxEI7h\nwZq9gzsZ9/zmMiORPxzxa+HtwCGEuMZwRDkVb5nFTJmgA0jmiNXs2OLQ2BfZ3WKy\nBzNh9x+1iAjq4SILuj8O6cqo+kvscavPnZ4mMLnM/DyTEx8C35UtV/3A17ks3yyu\ndGAfPI1TOMfKvbt4ho/0xODHw4uB7//U+u9KaHIAAAEBANaqhPZi9sTuknjNempZ\nGmpW+aP1cNTHJkq+PQUrVag3SkOI9v8I82dS02hoWSxHkLzi4/cIxST/Xu54SOPx\nx3jTrqHrTzMBnoSakj8a52mrtr+PNbuo0VeqY0ZEtoLZlhp1HI3IlVjW7JvF9nAa\nHpfDEEQgZWo5VwJvZ7DqjHz0FOhlTrp8E+hxKVvgb4kHfeZtMphd/TB7Zsfd+fpx\n6D9iAjbDMzAu4ErK8Wg4Kj78TAu04A1bSi/UIQBISM6yxEAbXv1pCAFqIp6FGJUa\nZ0+MQNohv0RvpXM/lPu3dkQ3L6jygV0mX6L4FkGGXlRT55rZVoKej3ODH+Hqds0E\nTlsAAAEBAMQHNC8dJh+aKbq2QUusYJb8c8F/s8i630XukWJScby2aIZxExAr9zAP\noF7Gmd96EY7nL6Rb5VIYR0kcA9am+UuA9+Bs7o0uB+a37QPJABzGD4XH/UxD+XKe\nAV9ia3pzZ3izzi1JHQQ06vtYnXamabqZSDrfxtoKgDtbXpB3EJLeO7xMkqaXDMwl\nFNZb6ZNfbS+kTkqwfQJXuMUWGt4AM+CmlAR7gzkirqpgeZBjiXZ3GEQUsJuTvLiX\nDF2QKYTZMyWO0XwVv2VT/jqEfJXJU2nTpsPnez2ZH6l3CE/Wf5ZV+erGWkDLlRvi\nDMjp3hAjsTHCWPU9h2Rz4/VDP5z8440AAAAAAQID\n-----END OPENSSH PRIVATE KEY-----\n",
            "private_key_pem": "-----BEGIN RSA PRIVATE KEY-----\nMIIJKQIBAAKCAgEApGCYOGtDYbvnbXNUfiFadsxzqWJqu/CTuZWP4ewdqwgfLf8g\nkA8CsJKJC3v+2ztZWXIu3sOjOswZjORbOcUow7wpLtvduevRNXnDgP3xppp9713c\n2gs+vlV/PaVB+X54NtXsTB73WmOqdxoKkRRG7j/chU10X7FhTp/unegaiRniou5o\nPqnveUAb2lRV4it2Nb7DsO4i6MYbiOJzDXyTbFce55IxzModcfX9hSNeP2PsryuV\nP6R//OwvZuvnCo6RL8RhLfsSzQPrqXGqKfD8tTKMfcXofgQUNepqISP17L4XLmuD\nFs2QKCU4BSmwtfyGYjVi/eophVM8X8l+Meek/I40sD/RCb04kf9YA3tzfCGNeFFy\nzR72gjCtDOz/4wswXj3xpQEpM+xG2Hdy5rj2HpO+P/EGXY1irZPQlobPowcAs/aN\nLh4PEUxB6+vyHpS1YyMD4sE7KjLLbXqeG4cmJQDy42wDSzPAfOe0T7q63hhJJfad\nUGwt5NqK81+pcgIkNV9DsWh5boVkhwDg94fjXQxvOxJ8ZXfXTjLCwDdFJsS1yyCW\nCfzfyJXi3YxkBYv0DDrdHjpbAi5HvjiXRTLdO39oo/w72FcR3wiYdR8GWQo02u3b\nLcvFUQywsrjdZYslhydE9UyOxEIvNKyNOa+pmSaAsVmh64IgVt4Em1Jt2R8CAwEA\nAQKCAgA5IN0mlpjnib/H+VI/N+ZR7YKxNuQzh0xALqu/8CjrfTog6U9u4dikd3kr\nxZ9woDLQdG+3ujSrxa2HmwHdlRky1d1WTNHFwSCHvlblKNzocz8bhvqvyUK4Mcy0\nJxBD3uF25WhnmEeNYaAoHqPXgj2YphdFOQMeEu7nvYvX04gNaDKtP8B5LuRstow3\nmCH1JffCfBdVEZ6OWfPN4i3sXQR7nde+0b9/FiufpMfEkuM5ksf6pWIMqWZWB9v9\noDU/JQdum4jOyzjgieFIlZl3VCrv6q6LM9I2ocJIbr0N4YqiCfrShkkcDrtwSGcs\n3C1vQmGOFlHeP5jInoIYJFY4j/J1yVYV/U5s0m5iFqIjg4lU2NdzXktdWgibG5ya\nHhp285SuM/K1JiwppFhwahZjxSm9m+BP3D8Dl9bhqvvFBjV484UKc/3GIEn6wkxT\n7nljRxDWnvBabkO/wvnvgtyHI5KWMoEEbrK41L4ZymUPz39segpv6odxvnGI45ai\n16hNaR5vKSxuKXQzzUM0aKUr7d1lWiN/Bubj4quubq/iPWWJiGwuOxrbkCfY/XNk\nXdo8Hxm9wmScShNGVCRxL6UscrKywWPAj4qYLX5dVfgI+7dgYGVyXqZwMItX80Ju\nWfxGrBB4TURe1KHpORLCux3qJk0tdBC0U7xGyhDsqy7ahbDleQKCAQEA1qqE9mL2\nxO6SeM16alkaalb5o/Vw1McmSr49BStVqDdKQ4j2/wjzZ1LTaGhZLEeQvOLj9wjF\nJP9e7nhI4/HHeNOuoetPMwGehJqSPxrnaau2v481u6jRV6pjRkS2gtmWGnUcjciV\nWNbsm8X2cBoel8MQRCBlajlXAm9nsOqMfPQU6GVOunwT6HEpW+BviQd95m0ymF39\nMHtmx935+nHoP2ICNsMzMC7gSsrxaDgqPvxMC7TgDVtKL9QhAEhIzrLEQBte/WkI\nAWoinoUYlRpnT4xA2iG/RG+lcz+U+7d2RDcvqPKBXSZfovgWQYZeVFPnmtlWgp6P\nc4Mf4ep2zQROWwKCAQEAxAc0Lx0mH5opurZBS6xglvxzwX+zyLrfRe6RYlJxvLZo\nhnETECv3MA+gXsaZ33oRjucvpFvlUhhHSRwD1qb5S4D34GzujS4H5rftA8kAHMYP\nhcf9TEP5cp4BX2JrenNneLPOLUkdBDTq+1iddqZpuplIOt/G2gqAO1tekHcQkt47\nvEySppcMzCUU1lvpk19tL6ROSrB9Ale4xRYa3gAz4KaUBHuDOSKuqmB5kGOJdncY\nRBSwm5O8uJcMXZAphNkzJY7RfBW/ZVP+OoR8lclTadOmw+d7PZkfqXcIT9Z/llX5\n6sZaQMuVG+IMyOneECOxMcJY9T2HZHPj9UM/nPzjjQKCAQEAr+QKjGPsdNJSe99J\nlcgqp8VaSaj7aa1AR+/2ybyHNA0RsaKRV8k6v4eTJ7KQloKRKuPyDGFIQBdq7pTq\njLN4UR2Jsqy/OTjzbQ3GFSTzRpdnZzBtw7UAywcWzuXQcgjdQBKDcf1Pufpo5v5e\n/d25AXrYYin1TwNqstkbqk+VC3FnjEAuMQknusa2L80HNs1HsL36vfQNWGNUhSHy\nCO66cOzaiYqJ78oJB9+fzFhw7SkHGnR7PRZ3BBeZbsTLu2mo+iozPAqKf7Y6ZY8C\n5HE9A2YVYWZTdTzR4UvQxCvAIQbi61jA/NVLeZozij8SHaCeXjgE9YP8YJapUhAu\nhbAojwKCAQEAwCzzytB/xHGFQWdVohNO6hZ6gRNptHsHUm6slsCOglwtIsgN0UfY\n4IQhS2jWBxGLzxX0TeRNb+sfT5woYzJ0qcG4wIrqXvvmgRiFQrW153+ATj4eo7rr\n/KLMY6+AAJ7MrLdRhHHuAWbDiz93t48zjdyhxB4Hu1CaIBbWITioxeMamuJSzwC8\nahJcWD3pQjJGP3OL0YsuMrK/EHA4TLXUJgQIjlBr+AJ5S8yiwJvkcoAVCQFjllIC\nrNBgLgWbvoKUsthNpKFJbtQmI0YpQUsK/G+jSOFRn7TTJnbsbiCyGjcVeEWWy3kK\nKDi3IeysaBQlrcuDHIGCj0dSDusrnQMLLQKCAQBVo02eHBFZQQ8I2PMojJFet9hT\nbZPfvNJIEogoE4YIOL1AVcJKIsYBCcih8Oj422S0/z4Wa55NC6dVntf0l9EXDOZO\nuYO8qQgQIGrkzVS8jy5PWIZB6Nmd/LtWSGGqxxPn19KJr1Jqgei0WdiowGspz6sm\nHAyHuKS3tKgbZWm5cRCO4cGavYM7Gff85jIjkT8c8Wvh7cAhhLjGcEQ5FW+ZxUyZ\noANI5ojV7Nji0NgX2d1isgczYfcftYgI6uEiC7o/DunKqPpL7HGrz52eJjC5zPw8\nkxMfAt+VLVf9wNe5LN8srnRgHzyNUzjHyr27eIaP9MTgx8OLge//1PrvSmhy\n-----END RSA PRIVATE KEY-----\n",
            "private_key_pem_pkcs8": "-----BEGIN PRIVATE KEY-----\nMIIJQwIBADANBgkqhkiG9w0BAQEFAASCCS0wggkpAgEAAoICAQCkYJg4a0Nhu+dt\nc1R+IVp2zHOpYmq78JO5lY/h7B2rCB8t/yCQDwKwkokLe/7bO1lZci7ew6M6zBmM\n5Fs5xSjDvCku292569E1ecOA/fGmmn3vXdzaCz6+VX89pUH5fng21exMHvdaY6p3\nGgqRFEbuP9yFTXRfsWFOn+6d6BqJGeKi7mg+qe95QBvaVFXiK3Y1vsOw7iLoxhuI\n4nMNfJNsVx7nkjHMyh1x9f2FI14/Y+yvK5U/pH/87C9m6+cKjpEvxGEt+xLNA+up\ncaop8Py1Mox9xeh+BBQ16mohI/Xsvhcua4MWzZAoJTgFKbC1/IZiNWL96imFUzxf\nyX4x56T8jjSwP9EJvTiR/1gDe3N8IY14UXLNHvaCMK0M7P/jCzBePfGlASkz7EbY\nd3LmuPYek74/8QZdjWKtk9CWhs+jBwCz9o0uHg8RTEHr6/IelLVjIwPiwTsqMstt\nep4bhyYlAPLjbANLM8B857RPurreGEkl9p1QbC3k2orzX6lyAiQ1X0OxaHluhWSH\nAOD3h+NdDG87Enxld9dOMsLAN0UmxLXLIJYJ/N/IleLdjGQFi/QMOt0eOlsCLke+\nOJdFMt07f2ij/DvYVxHfCJh1HwZZCjTa7dsty8VRDLCyuN1liyWHJ0T1TI7EQi80\nrI05r6mZJoCxWaHrgiBW3gSbUm3ZHwIDAQABAoICADkg3SaWmOeJv8f5Uj835lHt\ngrE25DOHTEAuq7/wKOt9OiDpT27h2KR3eSvFn3CgMtB0b7e6NKvFrYebAd2VGTLV\n3VZM0cXBIIe+VuUo3OhzPxuG+q/JQrgxzLQnEEPe4XblaGeYR41hoCgeo9eCPZim\nF0U5Ax4S7ue9i9fTiA1oMq0/wHku5Gy2jDeYIfUl98J8F1URno5Z883iLexdBHud\n177Rv38WK5+kx8SS4zmSx/qlYgypZlYH2/2gNT8lB26biM7LOOCJ4UiVmXdUKu/q\nrosz0jahwkhuvQ3hiqIJ+tKGSRwOu3BIZyzcLW9CYY4WUd4/mMieghgkVjiP8nXJ\nVhX9TmzSbmIWoiODiVTY13NeS11aCJsbnJoeGnbzlK4z8rUmLCmkWHBqFmPFKb2b\n4E/cPwOX1uGq+8UGNXjzhQpz/cYgSfrCTFPueWNHENae8FpuQ7/C+e+C3IcjkpYy\ngQRusrjUvhnKZQ/Pf2x6Cm/qh3G+cYjjlqLXqE1pHm8pLG4pdDPNQzRopSvt3WVa\nI38G5uPiq65ur+I9ZYmIbC47GtuQJ9j9c2Rd2jwfGb3CZJxKE0ZUJHEvpSxysrLB\nY8CPipgtfl1V+Aj7t2BgZXJepnAwi1fzQm5Z/EasEHhNRF7Uoek5EsK7HeomTS10\nELRTvEbKEOyrLtqFsOV5AoIBAQDWqoT2YvbE7pJ4zXpqWRpqVvmj9XDUxyZKvj0F\nK1WoN0pDiPb/CPNnUtNoaFksR5C84uP3CMUk/17ueEjj8cd4066h608zAZ6EmpI/\nGudpq7a/jzW7qNFXqmNGRLaC2ZYadRyNyJVY1uybxfZwGh6XwxBEIGVqOVcCb2ew\n6ox89BToZU66fBPocSlb4G+JB33mbTKYXf0we2bH3fn6ceg/YgI2wzMwLuBKyvFo\nOCo+/EwLtOANW0ov1CEASEjOssRAG179aQgBaiKehRiVGmdPjEDaIb9Eb6VzP5T7\nt3ZENy+o8oFdJl+i+BZBhl5UU+ea2VaCno9zgx/h6nbNBE5bAoIBAQDEBzQvHSYf\nmim6tkFLrGCW/HPBf7PIut9F7pFiUnG8tmiGcRMQK/cwD6BexpnfehGO5y+kW+VS\nGEdJHAPWpvlLgPfgbO6NLgfmt+0DyQAcxg+Fx/1MQ/lyngFfYmt6c2d4s84tSR0E\nNOr7WJ12pmm6mUg638baCoA7W16QdxCS3ju8TJKmlwzMJRTWW+mTX20vpE5KsH0C\nV7jFFhreADPgppQEe4M5Iq6qYHmQY4l2dxhEFLCbk7y4lwxdkCmE2TMljtF8Fb9l\nU/46hHyVyVNp06bD53s9mR+pdwhP1n+WVfnqxlpAy5Ub4gzI6d4QI7Exwlj1PYdk\nc+P1Qz+c/OONAoIBAQCv5AqMY+x00lJ730mVyCqnxVpJqPtprUBH7/bJvIc0DRGx\nopFXyTq/h5MnspCWgpEq4/IMYUhAF2rulOqMs3hRHYmyrL85OPNtDcYVJPNGl2dn\nMG3DtQDLBxbO5dByCN1AEoNx/U+5+mjm/l793bkBethiKfVPA2qy2RuqT5ULcWeM\nQC4xCSe6xrYvzQc2zUewvfq99A1YY1SFIfII7rpw7NqJionvygkH35/MWHDtKQca\ndHs9FncEF5luxMu7aaj6KjM8Cop/tjpljwLkcT0DZhVhZlN1PNHhS9DEK8AhBuLr\nWMD81Ut5mjOKPxIdoJ5eOAT1g/xglqlSEC6FsCiPAoIBAQDALPPK0H/EcYVBZ1Wi\nE07qFnqBE2m0ewdSbqyWwI6CXC0iyA3RR9jghCFLaNYHEYvPFfRN5E1v6x9PnChj\nMnSpwbjAiupe++aBGIVCtbXnf4BOPh6juuv8osxjr4AAnsyst1GEce4BZsOLP3e3\njzON3KHEHge7UJogFtYhOKjF4xqa4lLPALxqElxYPelCMkY/c4vRiy4ysr8QcDhM\ntdQmBAiOUGv4AnlLzKLAm+RygBUJAWOWUgKs0GAuBZu+gpSy2E2koUlu1CYjRilB\nSwr8b6NI4VGftNMmduxuILIaNxV4RZbLeQooOLch7KxoFCWty4McgYKPR1IO6yud\nAwstAoIBAFWjTZ4cEVlBDwjY8yiMkV632FNtk9+80kgSiCgThgg4vUBVwkoixgEJ\nyKHw6PjbZLT/PhZrnk0Lp1We1/SX0RcM5k65g7ypCBAgauTNVLyPLk9YhkHo2Z38\nu1ZIYarHE+fX0omvUmqB6LRZ2KjAaynPqyYcDIe4pLe0qBtlablxEI7hwZq9gzsZ\n9/zmMiORPxzxa+HtwCGEuMZwRDkVb5nFTJmgA0jmiNXs2OLQ2BfZ3WKyBzNh9x+1\niAjq4SILuj8O6cqo+kvscavPnZ4mMLnM/DyTEx8C35UtV/3A17ks3yyudGAfPI1T\nOMfKvbt4ho/0xODHw4uB7//U+u9KaHI=\n-----END PRIVATE KEY-----\n",
            "public_key_fingerprint_md5": "00:b1:11:00:6e:52:7f:d8:e5:e7:0c:7e:fc:c4:6c:fb",
            "public_key_fingerprint_sha256": "SHA256:hqllr8NspD91PaHKI7V8XJq9CXkq5l5d3bv7/Cz6X7g",
            "public_key_openssh": "ssh-rsa AAAAB3NzaC1yc2EAAAADAQABAAACAQCkYJg4a0Nhu+dtc1R+IVp2zHOpYmq78JO5lY/h7B2rCB8t/yCQDwKwkokLe/7bO1lZci7ew6M6zBmM5Fs5xSjDvCku292569E1ecOA/fGmmn3vXdzaCz6+VX89pUH5fng21exMHvdaY6p3GgqRFEbuP9yFTXRfsWFOn+6d6BqJGeKi7mg+qe95QBvaVFXiK3Y1vsOw7iLoxhuI4nMNfJNsVx7nkjHMyh1x9f2FI14/Y+yvK5U/pH/87C9m6+cKjpEvxGEt+xLNA+upcaop8Py1Mox9xeh+BBQ16mohI/Xsvhcua4MWzZAoJTgFKbC1/IZiNWL96imFUzxfyX4x56T8jjSwP9EJvTiR/1gDe3N8IY14UXLNHvaCMK0M7P/jCzBePfGlASkz7EbYd3LmuPYek74/8QZdjWKtk9CWhs+jBwCz9o0uHg8RTEHr6/IelLVjIwPiwTsqMsttep4bhyYlAPLjbANLM8B857RPurreGEkl9p1QbC3k2orzX6lyAiQ1X0OxaHluhWSHAOD3h+NdDG87Enxld9dOMsLAN0UmxLXLIJYJ/N/IleLdjGQFi/QMOt0eOlsCLke+OJdFMt07f2ij/DvYVxHfCJh1HwZZCjTa7dsty8VRDLCyuN1liyWHJ0T1TI7EQi80rI05r6mZJoCxWaHrgiBW3gSbUm3ZHw==\n",
            "public_key_pem": "-----BEGIN PUBLIC KEY-----\nMIICIjANBgkqhkiG9w0BAQEFAAOCAg8AMIICCgKCAgEApGCYOGtDYbvnbXNUfiFa\ndsxzqWJqu/CTuZWP4ewdqwgfLf8gkA8CsJKJC3v+2ztZWXIu3sOjOswZjORbOcUo\nw7wpLtvduevRNXnDgP3xppp9713c2gs+vlV/PaVB+X54NtXsTB73WmOqdxoKkRRG\n7j/chU10X7FhTp/unegaiRniou5oPqnveUAb2lRV4it2Nb7DsO4i6MYbiOJzDXyT\nbFce55IxzModcfX9hSNeP2PsryuVP6R//OwvZuvnCo6RL8RhLfsSzQPrqXGqKfD8\ntTKMfcXofgQUNepqISP17L4XLmuDFs2QKCU4BSmwtfyGYjVi/eophVM8X8l+Meek\n/I40sD/RCb04kf9YA3tzfCGNeFFyzR72gjCtDOz/4wswXj3xpQEpM+xG2Hdy5rj2\nHpO+P/EGXY1irZPQlobPowcAs/aNLh4PEUxB6+vyHpS1YyMD4sE7KjLLbXqeG4cm\nJQDy42wDSzPAfOe0T7q63hhJJfadUGwt5NqK81+pcgIkNV9DsWh5boVkhwDg94fj\nXQxvOxJ8ZXfXTjLCwDdFJsS1yyCWCfzfyJXi3YxkBYv0DDrdHjpbAi5HvjiXRTLd\nO39oo/w72FcR3wiYdR8GWQo02u3bLcvFUQywsrjdZYslhydE9UyOxEIvNKyNOa+p\nmSaAsVmh64IgVt4Em1Jt2R8CAwEAAQ==\n-----END PUBLIC KEY-----\n",
            "rsa_bits": 4096
          },
          "sensitive_attributes": []
        }
      ]
    }
  ]
}
